
Microsoft Visual Studio Solution File, Format Version 12.00
# Visual Studio Version 17
VisualStudioVersion = 17.14.36518.9 d17.14
MinimumVisualStudioVersion = 10.0.40219.1
Project("{2150E333-8FDC-42A3-9474-1A3956D46DE8}") = "Task0", "Task0", "{02EA681E-C7D8-13C7-8484-4AC65E1B71E8}"
EndProject
Project("{FAE04EC0-301F-11D3-BF4B-00C04F79EFBC}") = "Tyuiu.AngeliA.Sprint4.Task0.V20", "Tyuiu.AngeliA.Sprint4.Task0.V20\Tyuiu.AngeliA.Sprint4.Task0.V20.csproj", "{6F71EEB8-ED8A-48F2-BCE3-FF209845A13D}"
EndProject
Project("{FAE04EC0-301F-11D3-BF4B-00C04F79EFBC}") = "Tyuiu.AngeliA.Sprint4.Task0.V20.Test", "Tyuiu.AngeliA.Sprint4.Task0.V20.Test\Tyuiu.AngeliA.Sprint4.Task0.V20.Test.csproj", "{A1E7FA3A-BCDB-4304-9242-A9CF4C6B38C0}"
EndProject
Project("{FAE04EC0-301F-11D3-BF4B-00C04F79EFBC}") = "Tyuiu.AngeliA.Sprint4.Task0.V20.Lib", "Tyuiu.AngeliA.Sprint4.Task0.V20.Lib\Tyuiu.AngeliA.Sprint4.Task0.V20.Lib.csproj", "{D778421F-E500-4675-B830-942AD92352D5}"
EndProject
Project("{2150E333-8FDC-42A3-9474-1A3956D46DE8}") = "Task1", "Task1", "{843AB9CF-A7E9-4AF2-9025-B09973CFA1BA}"
EndProject
Project("{FAE04EC0-301F-11D3-BF4B-00C04F79EFBC}") = "Tyuiu.AngeliA.Sprint4.Task1.V6", "Tyuiu.AngeliA.Sprint4.Task1.V6\Tyuiu.AngeliA.Sprint4.Task1.V6.csproj", "{50453CE1-B3A3-4380-AFDA-0A8DFDF17DBD}"
EndProject
Project("{FAE04EC0-301F-11D3-BF4B-00C04F79EFBC}") = "Tyuiu.AngeliA.Sprint4.Task1.V6.Test", "Tyuiu.AngeliA.Sprint4.Task1.V6.Test\Tyuiu.AngeliA.Sprint4.Task1.V6.Test.csproj", "{14FE808E-FEC7-40F5-A674-29477F7F6C7D}"
EndProject
Project("{FAE04EC0-301F-11D3-BF4B-00C04F79EFBC}") = "Tyuiu.AngeliA.Sprint4.Task1.V6.Lib", "Tyuiu.AngeliA.Sprint4.Task1.V6.Lib\Tyuiu.AngeliA.Sprint4.Task1.V6.Lib.csproj", "{06B5BF70-F6D7-479E-ADC3-50743ED84149}"
EndProject
Project("{2150E333-8FDC-42A3-9474-1A3956D46DE8}") = "Task2", "Task2", "{A49C4A23-B05D-4552-8670-752C2905EDAE}"
EndProject
Project("{FAE04EC0-301F-11D3-BF4B-00C04F79EFBC}") = "Tyuiu.AngeliA.Sprint4.Task2.V1", "Tyuiu.AngeliA.Sprint4.Task2.V1\Tyuiu.AngeliA.Sprint4.Task2.V1.csproj", "{85A28F2C-05EA-4ACB-B703-45268082FC59}"
EndProject
Project("{FAE04EC0-301F-11D3-BF4B-00C04F79EFBC}") = "Tyuiu.AngeliA.Sprint4.Task2.V1.Test", "Tyuiu.AngeliA.Sprint4.Task2.V1.Test\Tyuiu.AngeliA.Sprint4.Task2.V1.Test.csproj", "{2FFDA1F4-53D8-485B-B9C0-41C79EFB3B92}"
EndProject
Project("{FAE04EC0-301F-11D3-BF4B-00C04F79EFBC}") = "Tyuiu.AngeliA.Sprint4.Task2.V1.Lib", "Tyuiu.AngeliA.Sprint4.Task2.V1.Lib\Tyuiu.AngeliA.Sprint4.Task2.V1.Lib.csproj", "{9E4BC478-505C-4D56-8A84-A0B017AFB8A2}"
EndProject
Project("{2150E333-8FDC-42A3-9474-1A3956D46DE8}") = "Task3", "Task3", "{898A772B-F716-49F5-B260-810880A871A1}"
EndProject
Project("{FAE04EC0-301F-11D3-BF4B-00C04F79EFBC}") = "Tyuiu.AngeliA.Sprint4.Task3.V18", "Tyuiu.AngeliA.Sprint4.Task3.V18\Tyuiu.AngeliA.Sprint4.Task3.V18.csproj", "{156C2827-1AA8-4E62-B7A0-816B8275F4C6}"
EndProject
Project("{FAE04EC0-301F-11D3-BF4B-00C04F79EFBC}") = "Tyuiu.AngeliA.Sprint4.Task3.V18.Test", "Tyuiu.AngeliA.Sprint4.Task3.V18.Test\Tyuiu.AngeliA.Sprint4.Task3.V18.Test.csproj", "{2F155494-06F1-4B62-AB96-8C03A7DDC052}"
EndProject
Project("{FAE04EC0-301F-11D3-BF4B-00C04F79EFBC}") = "Tyuiu.AngeliA.Sprint4.Task3.V18.Lib", "Tyuiu.AngeliA.Sprint4.Task3.V18.Lib\Tyuiu.AngeliA.Sprint4.Task3.V18.Lib.csproj", "{E38FCD6E-C9ED-44D5-879F-60690CF1FDAF}"
EndProject
Project("{2150E333-8FDC-42A3-9474-1A3956D46DE8}") = "Task4", "Task4", "{A7778C4F-B656-4B84-A285-F47E4EE9D38B}"
EndProject
Project("{FAE04EC0-301F-11D3-BF4B-00C04F79EFBC}") = "Tyuiu.AngeliA.Sprint4.Task4.V18", "Tyuiu.AngeliA.Sprint4.Task4.V18\Tyuiu.AngeliA.Sprint4.Task4.V18.csproj", "{59014806-596A-407C-97C1-2F9226208D8F}"
EndProject
Project("{FAE04EC0-301F-11D3-BF4B-00C04F79EFBC}") = "Tyuiu.AngeliA.Sprint4.Task4.V18.Test", "Tyuiu.AngeliA.Sprint4.Task4.V18.Test\Tyuiu.AngeliA.Sprint4.Task4.V18.Test.csproj", "{644031FE-0618-4164-BAB1-349E6BFBDDF5}"
EndProject
Project("{FAE04EC0-301F-11D3-BF4B-00C04F79EFBC}") = "Tyuiu.AngeliA.Sprint4.Task4.V18.Lib", "Tyuiu.AngeliA.Sprint4.Task4.V18.Lib\Tyuiu.AngeliA.Sprint4.Task4.V18.Lib.csproj", "{49D704C0-BB36-4D69-99AF-9EBACE5C3E46}"
EndProject
Project("{2150E333-8FDC-42A3-9474-1A3956D46DE8}") = "Task5", "Task5", "{D9A091B0-530A-4EE2-8CF4-39BAD1F318A2}"
EndProject
Project("{FAE04EC0-301F-11D3-BF4B-00C04F79EFBC}") = "Tyuiu.AngeliA.Sprint4.Task5.V14", "Tyuiu.AngeliA.Sprint4.Task5.V14\Tyuiu.AngeliA.Sprint4.Task5.V14.csproj", "{EDED45C0-BA53-4E77-A7D9-1DF14CA865AA}"
EndProject
Project("{FAE04EC0-301F-11D3-BF4B-00C04F79EFBC}") = "Tyuiu.AngeliA.Sprint4.Task5.V14.Test", "Tyuiu.AngeliA.Sprint4.Task5.V14.Test\Tyuiu.AngeliA.Sprint4.Task5.V14.Test.csproj", "{76D3A9FF-DDBC-4F60-B9A4-95FCE906F5B0}"
EndProject
Project("{FAE04EC0-301F-11D3-BF4B-00C04F79EFBC}") = "Tyuiu.AngeliA.Sprint4.Task5.V14.Lib", "Tyuiu.AngeliA.Sprint4.Task5.V14.Lib\Tyuiu.AngeliA.Sprint4.Task5.V14.Lib.csproj", "{A11D60FB-492D-41B1-A9F6-1601ABF046DD}"
EndProject
Project("{2150E333-8FDC-42A3-9474-1A3956D46DE8}") = "Task6", "Task6", "{84262A23-CF3C-4FCC-AD1A-8E2642CC6267}"
EndProject
Project("{FAE04EC0-301F-11D3-BF4B-00C04F79EFBC}") = "Tyuiu.AngeliA.Sprint4.Task6.V23", "Tyuiu.AngeliA.Sprint4.Task6.V23\Tyuiu.AngeliA.Sprint4.Task6.V23.csproj", "{5CC1846F-0D29-4291-B62D-C6B19DE9A8E9}"
EndProject
Project("{FAE04EC0-301F-11D3-BF4B-00C04F79EFBC}") = "Tyuiu.AngeliA.Sprint4.Task6.V23.Test", "Tyuiu.AngeliA.Sprint4.Task6.V23.Test\Tyuiu.AngeliA.Sprint4.Task6.V23.Test.csproj", "{34B55343-E24E-44AC-90ED-DC8B85687DA0}"
EndProject
Project("{FAE04EC0-301F-11D3-BF4B-00C04F79EFBC}") = "Tyuiu.AngeliA.Sprint4.Task6.V23.Lib", "Tyuiu.AngeliA.Sprint4.Task6.V23.Lib\Tyuiu.AngeliA.Sprint4.Task6.V23.Lib.csproj", "{EDD92284-EFB5-481E-8405-F612D22F0996}"
EndProject
Global
	GlobalSection(SolutionConfigurationPlatforms) = preSolution
		Debug|Any CPU = Debug|Any CPU
		Release|Any CPU = Release|Any CPU
	EndGlobalSection
	GlobalSection(ProjectConfigurationPlatforms) = postSolution
		{6F71EEB8-ED8A-48F2-BCE3-FF209845A13D}.Debug|Any CPU.ActiveCfg = Debug|Any CPU
		{6F71EEB8-ED8A-48F2-BCE3-FF209845A13D}.Debug|Any CPU.Build.0 = Debug|Any CPU
		{6F71EEB8-ED8A-48F2-BCE3-FF209845A13D}.Release|Any CPU.ActiveCfg = Release|Any CPU
		{6F71EEB8-ED8A-48F2-BCE3-FF209845A13D}.Release|Any CPU.Build.0 = Release|Any CPU
		{A1E7FA3A-BCDB-4304-9242-A9CF4C6B38C0}.Debug|Any CPU.ActiveCfg = Debug|Any CPU
		{A1E7FA3A-BCDB-4304-9242-A9CF4C6B38C0}.Debug|Any CPU.Build.0 = Debug|Any CPU
		{A1E7FA3A-BCDB-4304-9242-A9CF4C6B38C0}.Release|Any CPU.ActiveCfg = Release|Any CPU
		{A1E7FA3A-BCDB-4304-9242-A9CF4C6B38C0}.Release|Any CPU.Build.0 = Release|Any CPU
		{D778421F-E500-4675-B830-942AD92352D5}.Debug|Any CPU.ActiveCfg = Debug|Any CPU
		{D778421F-E500-4675-B830-942AD92352D5}.Debug|Any CPU.Build.0 = Debug|Any CPU
		{D778421F-E500-4675-B830-942AD92352D5}.Release|Any CPU.ActiveCfg = Release|Any CPU
		{D778421F-E500-4675-B830-942AD92352D5}.Release|Any CPU.Build.0 = Release|Any CPU
		{50453CE1-B3A3-4380-AFDA-0A8DFDF17DBD}.Debug|Any CPU.ActiveCfg = Debug|Any CPU
		{50453CE1-B3A3-4380-AFDA-0A8DFDF17DBD}.Debug|Any CPU.Build.0 = Debug|Any CPU
		{50453CE1-B3A3-4380-AFDA-0A8DFDF17DBD}.Release|Any CPU.ActiveCfg = Release|Any CPU
		{50453CE1-B3A3-4380-AFDA-0A8DFDF17DBD}.Release|Any CPU.Build.0 = Release|Any CPU
		{14FE808E-FEC7-40F5-A674-29477F7F6C7D}.Debug|Any CPU.ActiveCfg = Debug|Any CPU
		{14FE808E-FEC7-40F5-A674-29477F7F6C7D}.Debug|Any CPU.Build.0 = Debug|Any CPU
		{14FE808E-FEC7-40F5-A674-29477F7F6C7D}.Release|Any CPU.ActiveCfg = Release|Any CPU
		{14FE808E-FEC7-40F5-A674-29477F7F6C7D}.Release|Any CPU.Build.0 = Release|Any CPU
		{06B5BF70-F6D7-479E-ADC3-50743ED84149}.Debug|Any CPU.ActiveCfg = Debug|Any CPU
		{06B5BF70-F6D7-479E-ADC3-50743ED84149}.Debug|Any CPU.Build.0 = Debug|Any CPU
		{06B5BF70-F6D7-479E-ADC3-50743ED84149}.Release|Any CPU.ActiveCfg = Release|Any CPU
		{06B5BF70-F6D7-479E-ADC3-50743ED84149}.Release|Any CPU.Build.0 = Release|Any CPU
		{85A28F2C-05EA-4ACB-B703-45268082FC59}.Debug|Any CPU.ActiveCfg = Debug|Any CPU
		{85A28F2C-05EA-4ACB-B703-45268082FC59}.Debug|Any CPU.Build.0 = Debug|Any CPU
		{85A28F2C-05EA-4ACB-B703-45268082FC59}.Release|Any CPU.ActiveCfg = Release|Any CPU
		{85A28F2C-05EA-4ACB-B703-45268082FC59}.Release|Any CPU.Build.0 = Release|Any CPU
		{2FFDA1F4-53D8-485B-B9C0-41C79EFB3B92}.Debug|Any CPU.ActiveCfg = Debug|Any CPU
		{2FFDA1F4-53D8-485B-B9C0-41C79EFB3B92}.Debug|Any CPU.Build.0 = Debug|Any CPU
		{2FFDA1F4-53D8-485B-B9C0-41C79EFB3B92}.Release|Any CPU.ActiveCfg = Release|Any CPU
		{2FFDA1F4-53D8-485B-B9C0-41C79EFB3B92}.Release|Any CPU.Build.0 = Release|Any CPU
		{9E4BC478-505C-4D56-8A84-A0B017AFB8A2}.Debug|Any CPU.ActiveCfg = Debug|Any CPU
		{9E4BC478-505C-4D56-8A84-A0B017AFB8A2}.Debug|Any CPU.Build.0 = Debug|Any CPU
		{9E4BC478-505C-4D56-8A84-A0B017AFB8A2}.Release|Any CPU.ActiveCfg = Release|Any CPU
		{9E4BC478-505C-4D56-8A84-A0B017AFB8A2}.Release|Any CPU.Build.0 = Release|Any CPU
		{156C2827-1AA8-4E62-B7A0-816B8275F4C6}.Debug|Any CPU.ActiveCfg = Debug|Any CPU
		{156C2827-1AA8-4E62-B7A0-816B8275F4C6}.Debug|Any CPU.Build.0 = Debug|Any CPU
		{156C2827-1AA8-4E62-B7A0-816B8275F4C6}.Release|Any CPU.ActiveCfg = Release|Any CPU
		{156C2827-1AA8-4E62-B7A0-816B8275F4C6}.Release|Any CPU.Build.0 = Release|Any CPU
		{2F155494-06F1-4B62-AB96-8C03A7DDC052}.Debug|Any CPU.ActiveCfg = Debug|Any CPU
		{2F155494-06F1-4B62-AB96-8C03A7DDC052}.Debug|Any CPU.Build.0 = Debug|Any CPU
		{2F155494-06F1-4B62-AB96-8C03A7DDC052}.Release|Any CPU.ActiveCfg = Release|Any CPU
		{2F155494-06F1-4B62-AB96-8C03A7DDC052}.Release|Any CPU.Build.0 = Release|Any CPU
		{E38FCD6E-C9ED-44D5-879F-60690CF1FDAF}.Debug|Any CPU.ActiveCfg = Debug|Any CPU
		{E38FCD6E-C9ED-44D5-879F-60690CF1FDAF}.Debug|Any CPU.Build.0 = Debug|Any CPU
		{E38FCD6E-C9ED-44D5-879F-60690CF1FDAF}.Release|Any CPU.ActiveCfg = Release|Any CPU
		{E38FCD6E-C9ED-44D5-879F-60690CF1FDAF}.Release|Any CPU.Build.0 = Release|Any CPU
		{59014806-596A-407C-97C1-2F9226208D8F}.Debug|Any CPU.ActiveCfg = Debug|Any CPU
		{59014806-596A-407C-97C1-2F9226208D8F}.Debug|Any CPU.Build.0 = Debug|Any CPU
		{59014806-596A-407C-97C1-2F9226208D8F}.Release|Any CPU.ActiveCfg = Release|Any CPU
		{59014806-596A-407C-97C1-2F9226208D8F}.Release|Any CPU.Build.0 = Release|Any CPU
		{644031FE-0618-4164-BAB1-349E6BFBDDF5}.Debug|Any CPU.ActiveCfg = Debug|Any CPU
		{644031FE-0618-4164-BAB1-349E6BFBDDF5}.Debug|Any CPU.Build.0 = Debug|Any CPU
		{644031FE-0618-4164-BAB1-349E6BFBDDF5}.Release|Any CPU.ActiveCfg = Release|Any CPU
		{644031FE-0618-4164-BAB1-349E6BFBDDF5}.Release|Any CPU.Build.0 = Release|Any CPU
		{49D704C0-BB36-4D69-99AF-9EBACE5C3E46}.Debug|Any CPU.ActiveCfg = Debug|Any CPU
		{49D704C0-BB36-4D69-99AF-9EBACE5C3E46}.Debug|Any CPU.Build.0 = Debug|Any CPU
		{49D704C0-BB36-4D69-99AF-9EBACE5C3E46}.Release|Any CPU.ActiveCfg = Release|Any CPU
		{49D704C0-BB36-4D69-99AF-9EBACE5C3E46}.Release|Any CPU.Build.0 = Release|Any CPU
		{EDED45C0-BA53-4E77-A7D9-1DF14CA865AA}.Debug|Any CPU.ActiveCfg = Debug|Any CPU
		{EDED45C0-BA53-4E77-A7D9-1DF14CA865AA}.Debug|Any CPU.Build.0 = Debug|Any CPU
		{EDED45C0-BA53-4E77-A7D9-1DF14CA865AA}.Release|Any CPU.ActiveCfg = Release|Any CPU
		{EDED45C0-BA53-4E77-A7D9-1DF14CA865AA}.Release|Any CPU.Build.0 = Release|Any CPU
		{76D3A9FF-DDBC-4F60-B9A4-95FCE906F5B0}.Debug|Any CPU.ActiveCfg = Debug|Any CPU
		{76D3A9FF-DDBC-4F60-B9A4-95FCE906F5B0}.Debug|Any CPU.Build.0 = Debug|Any CPU
		{76D3A9FF-DDBC-4F60-B9A4-95FCE906F5B0}.Release|Any CPU.ActiveCfg = Release|Any CPU
		{76D3A9FF-DDBC-4F60-B9A4-95FCE906F5B0}.Release|Any CPU.Build.0 = Release|Any CPU
		{A11D60FB-492D-41B1-A9F6-1601ABF046DD}.Debug|Any CPU.ActiveCfg = Debug|Any CPU
		{A11D60FB-492D-41B1-A9F6-1601ABF046DD}.Debug|Any CPU.Build.0 = Debug|Any CPU
		{A11D60FB-492D-41B1-A9F6-1601ABF046DD}.Release|Any CPU.ActiveCfg = Release|Any CPU
		{A11D60FB-492D-41B1-A9F6-1601ABF046DD}.Release|Any CPU.Build.0 = Release|Any CPU
		{5CC1846F-0D29-4291-B62D-C6B19DE9A8E9}.Debug|Any CPU.ActiveCfg = Debug|Any CPU
		{5CC1846F-0D29-4291-B62D-C6B19DE9A8E9}.Debug|Any CPU.Build.0 = Debug|Any CPU
		{5CC1846F-0D29-4291-B62D-C6B19DE9A8E9}.Release|Any CPU.ActiveCfg = Release|Any CPU
		{5CC1846F-0D29-4291-B62D-C6B19DE9A8E9}.Release|Any CPU.Build.0 = Release|Any CPU
		{34B55343-E24E-44AC-90ED-DC8B85687DA0}.Debug|Any CPU.ActiveCfg = Debug|Any CPU
		{34B55343-E24E-44AC-90ED-DC8B85687DA0}.Debug|Any CPU.Build.0 = Debug|Any CPU
		{34B55343-E24E-44AC-90ED-DC8B85687DA0}.Release|Any CPU.ActiveCfg = Release|Any CPU
		{34B55343-E24E-44AC-90ED-DC8B85687DA0}.Release|Any CPU.Build.0 = Release|Any CPU
		{EDD92284-EFB5-481E-8405-F612D22F0996}.Debug|Any CPU.ActiveCfg = Debug|Any CPU
		{EDD92284-EFB5-481E-8405-F612D22F0996}.Debug|Any CPU.Build.0 = Debug|Any CPU
		{EDD92284-EFB5-481E-8405-F612D22F0996}.Release|Any CPU.ActiveCfg = Release|Any CPU
		{EDD92284-EFB5-481E-8405-F612D22F0996}.Release|Any CPU.Build.0 = Release|Any CPU
	EndGlobalSection
	GlobalSection(SolutionProperties) = preSolution
		HideSolutionNode = FALSE
	EndGlobalSection
	GlobalSection(NestedProjects) = preSolution
		{6F71EEB8-ED8A-48F2-BCE3-FF209845A13D} = {02EA681E-C7D8-13C7-8484-4AC65E1B71E8}
		{A1E7FA3A-BCDB-4304-9242-A9CF4C6B38C0} = {02EA681E-C7D8-13C7-8484-4AC65E1B71E8}
		{D778421F-E500-4675-B830-942AD92352D5} = {02EA681E-C7D8-13C7-8484-4AC65E1B71E8}
		{50453CE1-B3A3-4380-AFDA-0A8DFDF17DBD} = {843AB9CF-A7E9-4AF2-9025-B09973CFA1BA}
		{14FE808E-FEC7-40F5-A674-29477F7F6C7D} = {843AB9CF-A7E9-4AF2-9025-B09973CFA1BA}
		{06B5BF70-F6D7-479E-ADC3-50743ED84149} = {843AB9CF-A7E9-4AF2-9025-B09973CFA1BA}
		{85A28F2C-05EA-4ACB-B703-45268082FC59} = {A49C4A23-B05D-4552-8670-752C2905EDAE}
		{2FFDA1F4-53D8-485B-B9C0-41C79EFB3B92} = {A49C4A23-B05D-4552-8670-752C2905EDAE}
		{9E4BC478-505C-4D56-8A84-A0B017AFB8A2} = {A49C4A23-B05D-4552-8670-752C2905EDAE}
		{156C2827-1AA8-4E62-B7A0-816B8275F4C6} = {898A772B-F716-49F5-B260-810880A871A1}
		{2F155494-06F1-4B62-AB96-8C03A7DDC052} = {898A772B-F716-49F5-B260-810880A871A1}
		{E38FCD6E-C9ED-44D5-879F-60690CF1FDAF} = {898A772B-F716-49F5-B260-810880A871A1}
		{59014806-596A-407C-97C1-2F9226208D8F} = {A7778C4F-B656-4B84-A285-F47E4EE9D38B}
		{644031FE-0618-4164-BAB1-349E6BFBDDF5} = {A7778C4F-B656-4B84-A285-F47E4EE9D38B}
		{49D704C0-BB36-4D69-99AF-9EBACE5C3E46} = {A7778C4F-B656-4B84-A285-F47E4EE9D38B}
		{EDED45C0-BA53-4E77-A7D9-1DF14CA865AA} = {D9A091B0-530A-4EE2-8CF4-39BAD1F318A2}
		{76D3A9FF-DDBC-4F60-B9A4-95FCE906F5B0} = {D9A091B0-530A-4EE2-8CF4-39BAD1F318A2}
		{A11D60FB-492D-41B1-A9F6-1601ABF046DD} = {D9A091B0-530A-4EE2-8CF4-39BAD1F318A2}
		{5CC1846F-0D29-4291-B62D-C6B19DE9A8E9} = {84262A23-CF3C-4FCC-AD1A-8E2642CC6267}
		{34B55343-E24E-44AC-90ED-DC8B85687DA0} = {84262A23-CF3C-4FCC-AD1A-8E2642CC6267}
		{EDD92284-EFB5-481E-8405-F612D22F0996} = {84262A23-CF3C-4FCC-AD1A-8E2642CC6267}
	EndGlobalSection
	GlobalSection(ExtensibilityGlobals) = postSolution
		SolutionGuid = {713FE52B-81EA-46DE-A240-CE789DAE5D92}
	EndGlobalSection
EndGlobal
